
Microsoft Visual Studio Solution File, Format Version 12.00
# Visual Studio Version 16
VisualStudioVersion = 16.0.30804.86
MinimumVisualStudioVersion = 10.0.40219.1
Project("{FAE04EC0-301F-11D3-BF4B-00C04F79EFBC}") = "Assembly-CSharp", "Assembly-CSharp.csproj", "{6E667D07-2EAB-F34C-2D29-2B48A0CB4F1E}"
EndProject
Global
	GlobalSection(SolutionConfigurationPlatforms) = preSolution
		Debug|Any CPU = Debug|Any CPU
		Release|Any CPU = Release|Any CPU
	EndGlobalSection
	GlobalSection(ProjectConfigurationPlatforms) = postSolution
		{6E667D07-2EAB-F34C-2D29-2B48A0CB4F1E}.Debug|Any CPU.ActiveCfg = Debug|Any CPU
		{6E667D07-2EAB-F34C-2D29-2B48A0CB4F1E}.Debug|Any CPU.Build.0 = Debug|Any CPU
		{6E667D07-2EAB-F34C-2D29-2B48A0CB4F1E}.Release|Any CPU.ActiveCfg = Release|Any CPU
		{6E667D07-2EAB-F34C-2D29-2B48A0CB4F1E}.Release|Any CPU.Build.0 = Release|Any CPU
	EndGlobalSection
	GlobalSection(SolutionProperties) = preSolution
		HideSolutionNode = FALSE
	EndGlobalSection
	GlobalSection(ExtensibilityGlobals) = postSolution
		SolutionGuid = {9CCE55ED-58EA-483F-9CF8-2E5B8FACFF9D}
	EndGlobalSection
EndGlobal
